{
  "nodes": {
    "nixpkgs": {
      "locked": {
        "lastModified": 1786348146,
        "narHash": "sha256-we5zDEFfn8TgzeWKjKDMIjeQZ59omEPl23NIF+13/ys=",
        "owner": "NixOS",
        "repo": "nixpkgs",
        "rev": "d482ef84049d9b7276b83a06e4e4d76983830097",
        "type": "github"
      },
      "original": {
        "owner": "NixOS",
        "ref": "nixpkgs-unstable",
        "repo": "nixpkgs",
        "type": "github"
      }
    },
    "pubkeys": {
      "flake": false,
      "locked": {
        "narHash": "sha256-Z6FLj/zniVhuBi+ph3kZWhM7FeDNABZ9MrPKxzE0P0k=",
        "type": "file",
        "url": "https://github.com/jalil-salame.keys"
      },
      "original": {
        "type": "file",
        "url": "https://github.com/jalil-salame.keys"
      }
    },
    "root": {
      "inputs": {
        "nixpkgs": "nixpkgs",
        "pubkeys": "pubkeys"
      }
    }
  },
  "root": "root",
  "version": 7
}
